
Microsoft Visual Studio Solution File, Format Version 12.00
# Visual Studio 14
VisualStudioVersion = 14.0.25420.1
MinimumVisualStudioVersion = 10.0.40219.1
Project("{FAE04EC0-301F-11D3-BF4B-00C04F79EFBC}") = "Kauntr.Ui.Web", "Kauntr.Ui.Web\Kauntr.Ui.Web.csproj", "{D9C52AE9-1FA0-45A2-A2F9-2805071077B9}"
EndProject
Project("{FAE04EC0-301F-11D3-BF4B-00C04F79EFBC}") = "Kauntr.Core", "Kauntr.Core\Kauntr.Core.csproj", "{36604277-DD9C-49D1-84C8-CD23E78D282A}"
EndProject
Project("{FAE04EC0-301F-11D3-BF4B-00C04F79EFBC}") = "Kauntr.Tests", "Kauntr.Tests\Kauntr.Tests.csproj", "{8A95E478-CC50-4513-AFBA-5B2BD681D2D2}"
EndProject
Global
	GlobalSection(SolutionConfigurationPlatforms) = preSolution
		Debug|Any CPU = Debug|Any CPU
		Release|Any CPU = Release|Any CPU
	EndGlobalSection
	GlobalSection(ProjectConfigurationPlatforms) = postSolution
		{D9C52AE9-1FA0-45A2-A2F9-2805071077B9}.Debug|Any CPU.ActiveCfg = Debug|Any CPU
		{D9C52AE9-1FA0-45A2-A2F9-2805071077B9}.Debug|Any CPU.Build.0 = Debug|Any CPU
		{D9C52AE9-1FA0-45A2-A2F9-2805071077B9}.Release|Any CPU.ActiveCfg = Release|Any CPU
		{D9C52AE9-1FA0-45A2-A2F9-2805071077B9}.Release|Any CPU.Build.0 = Release|Any CPU
		{36604277-DD9C-49D1-84C8-CD23E78D282A}.Debug|Any CPU.ActiveCfg = Debug|Any CPU
		{36604277-DD9C-49D1-84C8-CD23E78D282A}.Debug|Any CPU.Build.0 = Debug|Any CPU
		{36604277-DD9C-49D1-84C8-CD23E78D282A}.Release|Any CPU.ActiveCfg = Release|Any CPU
		{36604277-DD9C-49D1-84C8-CD23E78D282A}.Release|Any CPU.Build.0 = Release|Any CPU
		{8A95E478-CC50-4513-AFBA-5B2BD681D2D2}.Debug|Any CPU.ActiveCfg = Debug|Any CPU
		{8A95E478-CC50-4513-AFBA-5B2BD681D2D2}.Debug|Any CPU.Build.0 = Debug|Any CPU
		{8A95E478-CC50-4513-AFBA-5B2BD681D2D2}.Release|Any CPU.ActiveCfg = Release|Any CPU
		{8A95E478-CC50-4513-AFBA-5B2BD681D2D2}.Release|Any CPU.Build.0 = Release|Any CPU
	EndGlobalSection
	GlobalSection(SolutionProperties) = preSolution
		HideSolutionNode = FALSE
	EndGlobalSection
EndGlobal
